
Microsoft Visual Studio Solution File, Format Version 12.00
# Visual Studio Version 16
VisualStudioVersion = 16.0.30503.244
MinimumVisualStudioVersion = 10.0.40219.1
Project("{9A19103F-16F7-4668-BE54-9A1E7A4F7556}") = "Basics", "Basics\Basics.csproj", "{694FEE5C-524E-40D2-8D66-0FA431CDFFAB}"
EndProject
Project("{9A19103F-16F7-4668-BE54-9A1E7A4F7556}") = "IdentityExample", "IdentityExample\IdentityExample.csproj", "{711264B7-4DA9-4E3D-9471-5F36FB22D863}"
EndProject
Project("{2150E333-8FDC-42A3-9474-1A3956D46DE8}") = "Basic", "Basic", "{6C8B187C-C0F8-4CBD-BB09-F65A9DCC5C71}"
EndProject
Project("{2150E333-8FDC-42A3-9474-1A3956D46DE8}") = "OAuth", "OAuth", "{2E9B9604-6AF1-4CCB-BF1E-5FB6733229BD}"
EndProject
Project("{9A19103F-16F7-4668-BE54-9A1E7A4F7556}") = "Server", "Server\Server.csproj", "{FCAC2B7D-A6F4-480C-80EF-1C0A24144C57}"
EndProject
Project("{9A19103F-16F7-4668-BE54-9A1E7A4F7556}") = "Client", "Client\Client.csproj", "{0ABB23BC-375D-45B6-B92A-093E93AEF998}"
EndProject
Project("{9A19103F-16F7-4668-BE54-9A1E7A4F7556}") = "API", "API\API.csproj", "{CA2E3C1A-CAF3-4C26-A12F-014274D6E405}"
EndProject
Project("{2150E333-8FDC-42A3-9474-1A3956D46DE8}") = "IdentityServer4", "IdentityServer4", "{3C5079E3-BDB6-4EB3-83A5-769C5F3DA751}"
EndProject
Project("{9A19103F-16F7-4668-BE54-9A1E7A4F7556}") = "IdentityServer", "IdentityServer1\IdentityServer.csproj", "{D2421337-981C-4EAD-BC1D-EB1DB555063F}"
EndProject
Project("{9A19103F-16F7-4668-BE54-9A1E7A4F7556}") = "MvcClient", "MvcClient\MvcClient.csproj", "{072CE8AD-FCDF-4251-B5C5-FF1AFD23B044}"
EndProject
Global
	GlobalSection(SolutionConfigurationPlatforms) = preSolution
		Debug|Any CPU = Debug|Any CPU
		Release|Any CPU = Release|Any CPU
	EndGlobalSection
	GlobalSection(ProjectConfigurationPlatforms) = postSolution
		{694FEE5C-524E-40D2-8D66-0FA431CDFFAB}.Debug|Any CPU.ActiveCfg = Debug|Any CPU
		{694FEE5C-524E-40D2-8D66-0FA431CDFFAB}.Debug|Any CPU.Build.0 = Debug|Any CPU
		{694FEE5C-524E-40D2-8D66-0FA431CDFFAB}.Release|Any CPU.ActiveCfg = Release|Any CPU
		{694FEE5C-524E-40D2-8D66-0FA431CDFFAB}.Release|Any CPU.Build.0 = Release|Any CPU
		{711264B7-4DA9-4E3D-9471-5F36FB22D863}.Debug|Any CPU.ActiveCfg = Debug|Any CPU
		{711264B7-4DA9-4E3D-9471-5F36FB22D863}.Debug|Any CPU.Build.0 = Debug|Any CPU
		{711264B7-4DA9-4E3D-9471-5F36FB22D863}.Release|Any CPU.ActiveCfg = Release|Any CPU
		{711264B7-4DA9-4E3D-9471-5F36FB22D863}.Release|Any CPU.Build.0 = Release|Any CPU
		{FCAC2B7D-A6F4-480C-80EF-1C0A24144C57}.Debug|Any CPU.ActiveCfg = Debug|Any CPU
		{FCAC2B7D-A6F4-480C-80EF-1C0A24144C57}.Debug|Any CPU.Build.0 = Debug|Any CPU
		{FCAC2B7D-A6F4-480C-80EF-1C0A24144C57}.Release|Any CPU.ActiveCfg = Release|Any CPU
		{FCAC2B7D-A6F4-480C-80EF-1C0A24144C57}.Release|Any CPU.Build.0 = Release|Any CPU
		{0ABB23BC-375D-45B6-B92A-093E93AEF998}.Debug|Any CPU.ActiveCfg = Debug|Any CPU
		{0ABB23BC-375D-45B6-B92A-093E93AEF998}.Debug|Any CPU.Build.0 = Debug|Any CPU
		{0ABB23BC-375D-45B6-B92A-093E93AEF998}.Release|Any CPU.ActiveCfg = Release|Any CPU
		{0ABB23BC-375D-45B6-B92A-093E93AEF998}.Release|Any CPU.Build.0 = Release|Any CPU
		{CA2E3C1A-CAF3-4C26-A12F-014274D6E405}.Debug|Any CPU.ActiveCfg = Debug|Any CPU
		{CA2E3C1A-CAF3-4C26-A12F-014274D6E405}.Debug|Any CPU.Build.0 = Debug|Any CPU
		{CA2E3C1A-CAF3-4C26-A12F-014274D6E405}.Release|Any CPU.ActiveCfg = Release|Any CPU
		{CA2E3C1A-CAF3-4C26-A12F-014274D6E405}.Release|Any CPU.Build.0 = Release|Any CPU
		{D2421337-981C-4EAD-BC1D-EB1DB555063F}.Debug|Any CPU.ActiveCfg = Debug|Any CPU
		{D2421337-981C-4EAD-BC1D-EB1DB555063F}.Debug|Any CPU.Build.0 = Debug|Any CPU
		{D2421337-981C-4EAD-BC1D-EB1DB555063F}.Release|Any CPU.ActiveCfg = Release|Any CPU
		{D2421337-981C-4EAD-BC1D-EB1DB555063F}.Release|Any CPU.Build.0 = Release|Any CPU
		{072CE8AD-FCDF-4251-B5C5-FF1AFD23B044}.Debug|Any CPU.ActiveCfg = Debug|Any CPU
		{072CE8AD-FCDF-4251-B5C5-FF1AFD23B044}.Debug|Any CPU.Build.0 = Debug|Any CPU
		{072CE8AD-FCDF-4251-B5C5-FF1AFD23B044}.Release|Any CPU.ActiveCfg = Release|Any CPU
		{072CE8AD-FCDF-4251-B5C5-FF1AFD23B044}.Release|Any CPU.Build.0 = Release|Any CPU
	EndGlobalSection
	GlobalSection(SolutionProperties) = preSolution
		HideSolutionNode = FALSE
	EndGlobalSection
	GlobalSection(NestedProjects) = preSolution
		{694FEE5C-524E-40D2-8D66-0FA431CDFFAB} = {6C8B187C-C0F8-4CBD-BB09-F65A9DCC5C71}
		{711264B7-4DA9-4E3D-9471-5F36FB22D863} = {6C8B187C-C0F8-4CBD-BB09-F65A9DCC5C71}
		{FCAC2B7D-A6F4-480C-80EF-1C0A24144C57} = {2E9B9604-6AF1-4CCB-BF1E-5FB6733229BD}
		{0ABB23BC-375D-45B6-B92A-093E93AEF998} = {2E9B9604-6AF1-4CCB-BF1E-5FB6733229BD}
		{CA2E3C1A-CAF3-4C26-A12F-014274D6E405} = {2E9B9604-6AF1-4CCB-BF1E-5FB6733229BD}
		{D2421337-981C-4EAD-BC1D-EB1DB555063F} = {3C5079E3-BDB6-4EB3-83A5-769C5F3DA751}
		{072CE8AD-FCDF-4251-B5C5-FF1AFD23B044} = {3C5079E3-BDB6-4EB3-83A5-769C5F3DA751}
	EndGlobalSection
	GlobalSection(ExtensibilityGlobals) = postSolution
		SolutionGuid = {2B8A6564-138E-42BF-8AD6-030CBB1DF42D}
	EndGlobalSection
EndGlobal
